
Microsoft Visual Studio Solution File, Format Version 12.00
# Visual Studio Version 17
VisualStudioVersion = 17.13.35931.197 d17.13
MinimumVisualStudioVersion = 10.0.40219.1
Project("{FAE04EC0-301F-11D3-BF4B-00C04F79EFBC}") = "EtherChat-Client", "EtherChat-Client\EtherChat-Client.csproj", "{4DF9AB2F-AED9-421A-A75D-28FEDA5CAD70}"
EndProject
Project("{FAE04EC0-301F-11D3-BF4B-00C04F79EFBC}") = "EtherChat-Server", "EtherChat-Server\EtherChat-Server.csproj", "{99B9FAF7-D443-4FBD-8012-0385E4428142}"
EndProject
Global
	GlobalSection(SolutionConfigurationPlatforms) = preSolution
		Debug|Any CPU = Debug|Any CPU
		Release|Any CPU = Release|Any CPU
	EndGlobalSection
	GlobalSection(ProjectConfigurationPlatforms) = postSolution
		{4DF9AB2F-AED9-421A-A75D-28FEDA5CAD70}.Debug|Any CPU.ActiveCfg = Debug|Any CPU
		{4DF9AB2F-AED9-421A-A75D-28FEDA5CAD70}.Debug|Any CPU.Build.0 = Debug|Any CPU
		{4DF9AB2F-AED9-421A-A75D-28FEDA5CAD70}.Release|Any CPU.ActiveCfg = Release|Any CPU
		{4DF9AB2F-AED9-421A-A75D-28FEDA5CAD70}.Release|Any CPU.Build.0 = Release|Any CPU
		{99B9FAF7-D443-4FBD-8012-0385E4428142}.Debug|Any CPU.ActiveCfg = Debug|Any CPU
		{99B9FAF7-D443-4FBD-8012-0385E4428142}.Debug|Any CPU.Build.0 = Debug|Any CPU
		{99B9FAF7-D443-4FBD-8012-0385E4428142}.Release|Any CPU.ActiveCfg = Release|Any CPU
		{99B9FAF7-D443-4FBD-8012-0385E4428142}.Release|Any CPU.Build.0 = Release|Any CPU
	EndGlobalSection
	GlobalSection(SolutionProperties) = preSolution
		HideSolutionNode = FALSE
	EndGlobalSection
	GlobalSection(ExtensibilityGlobals) = postSolution
		SolutionGuid = {61E8D7A6-C158-42AA-BE6F-86939E91ED70}
	EndGlobalSection
EndGlobal
